github.com/Alexander-r/bbolt v1.3.10 h1:xnu7LrzWnFmW78k1Vf56VqWhkYgWyiWFyN35EanVLDc=
github.com/Alexander-r/bbolt v1.3.10/go.mod h1:7nYAQolaXixcNZXe8aBibGkeEwKEVyVUPBu/VSUG8ik=
github.com/edsrzf/mmap-go v1.0.0 h1:CEBF7HpRnUCSJgGUb5h1Gm7e3VkmVDrR8lvWVLtrOFw=
github.com/edsrzf/mmap-go v1.0.0/go.mod h1:YO35OhQPt3KJa3ryjFM5Bs14WD66h8eGKpfaBNrHW5M=
github.com/golang/snappy v0.0.2 h1:aeE13tS0IiQgFjYdoL8qN3K1N2bXXtI6Vi51/y7BpMw=
github.com/golang/snappy v0.0.2/go.mod h1:/XxbfmMg8lxefKM7IXC3fBNl/7bRcc72aCRzEWrmP2Q=
github.com/lib/pq v1.10.2 h1:AqzbZs4ZoCBp+GtejcpCpcxM3zlSMx29dXbUSeVtJb8=
github.com/lib/pq v1.10.2/go.mod h1:AlVN5x4E4T544tWzH6hKfbfQvm3HdbOxrmggDNAPY9o=
github.com/remyoudompheng/bigfft v0.0.0-20190728182440-6a916e37a237/go.mod h1:qqbHyh8v60DhA7CoWK5oRCqLrMHRGoxYCSS9EjAz6Eo=
github.com/remyoudompheng/bigfft v0.0.0-20200410134404-eec4a21b6bb0 h1:OdAsTTz6OkFY5QxjkYwrChwuRruF69c169dPK26NUlk=
github.com/remyoudompheng/bigfft v0.0.0-20200410134404-eec4a21b6bb0/go.mod h1:qqbHyh8v60DhA7CoWK5oRCqLrMHRGoxYCSS9EjAz6Eo=
golang.org/x/net v0.0.0-20210614182718-04defd469f4e h1:XpT3nA5TvE525Ne3hInMh6+GETgn27Zfm9dxsThnX2Q=
golang.org/x/net v0.0.0-20210614182718-04defd469f4e/go.mod h1:9nx3DQGgdP8bBQD5qxJ1jj9UTztislL4KSBs9R2vV5Y=
golang.org/x/sys v0.0.0-20201119102817-f84b799fce68/go.mod h1:h1NjWce9XRLGQEsW7wpKNCjG9DtNlClVuFLEZdDNbEs=
golang.org/x/sys v0.0.0-20210423082822-04245dca01da/go.mod h1:h1NjWce9XRLGQEsW7wpKNCjG9DtNlClVuFLEZdDNbEs=
golang.org/x/sys v0.0.0-20210630005230-0f9fa26af87c h1:F1jZWGFhYfh0Ci55sIpILtKKK8p3i2/krTr0H1rg74I=
golang.org/x/sys v0.0.0-20210630005230-0f9fa26af87c/go.mod h1:oPkhp1MJrh7nUepCBck5+mAzfO9JrbApNNgaTdGDITg=
golang.org/x/term v0.0.0-20201126162022-7de9c90e9dd1/go.mod h1:bj7SfCRtBDWHUb9snDiAeCFNEtKQo2Wmx5Cou7ajbmo=
golang.org/x/text v0.3.6/go.mod h1:5Zoc/QRtKVWzQhOtBMvqHzDpF6irO9z98xDceosuGiQ=
golang.org/x/tools v0.0.0-20180917221912-90fa682c2a6e/go.mod h1:n7NCudcB/nEzxVGmLbDWY5pfWTLqBcC2KZ6jyYvM4mQ=
modernc.org/b v1.0.0 h1:vpvqeyp17ddcQWF29Czawql4lDdABCDRbXRAS4+aF2o=
modernc.org/b v1.0.0/go.mod h1:uZWcZfRj1BpYzfN9JTerzlNUnnPsV9O2ZA8JsRcubNg=
modernc.org/db v1.0.0 h1:2c6NdCfaLnshSvY7OU09cyAY0gYXUZj4lmg5ItHyucg=
modernc.org/db v1.0.0/go.mod h1:kYD/cO29L/29RM0hXYl4i3+Q5VojL31kTUVpVJDw0s8=
modernc.org/file v1.0.0 h1:9/PdvjVxd5+LcWUQIfapAWRGOkDLK90rloa8s/au06A=
modernc.org/file v1.0.0/go.mod h1:uqEokAEn1u6e+J45e54dsEA/pw4o7zLrA2GwyntZzjw=
modernc.org/fileutil v1.0.0 h1:Z1AFLZwl6BO8A5NldQg/xTSjGLetp+1Ubvl4alfGx8w=
modernc.org/fileutil v1.0.0/go.mod h1:JHsWpkrk/CnVV1H/eGlFf85BEpfkrp56ro8nojIq9Q8=
modernc.org/golex v1.0.0 h1:wWpDlbK8ejRfSyi0frMyhilD3JBvtcx2AdGDnU+JtsE=
modernc.org/golex v1.0.0/go.mod h1:b/QX9oBD/LhixY6NDh+IdGv17hgB+51fET1i2kPSmvk=
modernc.org/internal v1.0.0 h1:XMDsFDcBDsibbBnHB2xzljZ+B1yrOVLEFkKL2u15Glw=
modernc.org/internal v1.0.0/go.mod h1:VUD/+JAkhCpvkUitlEOnhpVxCgsBI90oTzSCRcqQVSM=
modernc.org/lldb v1.0.0 h1:6vjDJxQEfhlOLwl4bhpwIz00uyFK4EmSYcbwqwbynsc=
modernc.org/lldb v1.0.0/go.mod h1:jcRvJGWfCGodDZz8BPwiKMJxGJngQ/5DrRapkQnLob8=
modernc.org/mathutil v1.0.0/go.mod h1:wU0vUrJsVWBZ4P6e7xtFJEhFSNsfRLJ8H458uRjg03k=
modernc.org/mathutil v1.1.1 h1:FeylZSVX8S+58VsyJlkEj2bcpdytmp9MmDKZkKx8OIE=
modernc.org/mathutil v1.1.1/go.mod h1:mZW8CKdRPY1v87qxC/wUdX5O1qDzXMP5TH3wjfpga6E=
modernc.org/ql v1.3.2-0.20210627163952-a99067dc33a2 h1:AmQTT3PmAYzLel/838wCAaQCiCrIMjMj0wpD37SIoX0=
modernc.org/ql v1.3.2-0.20210627163952-a99067dc33a2/go.mod h1:0su3LZVtXgxr5HnJc3DWIj4tb8Zx08BjZAzs//CUT6o=
modernc.org/sortutil v1.1.0 h1:oP3U4uM+NT/qBQcbg/K2iqAX0Nx7B1b6YZtq3Gk/PjM=
modernc.org/sortutil v1.1.0/go.mod h1:ZyL98OQHJgH9IEfN71VsamvJgrtRX9Dj2gX+vH86L1k=
modernc.org/strutil v1.0.0 h1:XVFtQwFVwc02Wk+0L/Z/zDDXO81r5Lhe6iMKmGX3KhE=
modernc.org/strutil v1.0.0/go.mod h1:lstksw84oURvj9y3tn8lGvRxyRC1S2+g5uuIzNfIOBs=
modernc.org/zappy v1.0.1 h1:gR01yosq33KPfCO9H/N2Mod+AdpPxkMmlJVo9FCd4wU=
modernc.org/zappy v1.0.1/go.mod h1:O0z5BRBwgfXAYDDhMqz9xVj0omSIEpspvGcwsyBe3FM=
